<?xml version="1.0" encoding="utf-8"?>
<Project ToolsVersion="4.0" xmlns="http://schemas.microsoft.com/developer/msbuild/2003">
  <ItemGroup>
    <Filter Include="Events">
      <UniqueIdentifier>{3A8963B1-262B-8E87-0FE6-A1DBFB2615D8}</UniqueIdentifier>
    </Filter>
    <Filter Include="Impact">
      <UniqueIdentifier>{E31D1BBA-CFBF-4590-B87A-59E4A4BBCCE0}</UniqueIdentifier>
    </Filter>
    <Filter Include="Impact\ImGui">
      <UniqueIdentifier>{4D3129B0-3994-B854-E219-F10ACE5B84D7}</UniqueIdentifier>
    </Filter>
    <Filter Include="Platform">
      <UniqueIdentifier>{2AC788B4-1694-E3BF-3FAD-D1672BD9184E}</UniqueIdentifier>
    </Filter>
    <Filter Include="Platform\Windows">
      <UniqueIdentifier>{64FBD71A-50F4-F66C-7926-DCF1657ED678}</UniqueIdentifier>
    </Filter>
  </ItemGroup>
  <ItemGroup>
    <ClInclude Include="src\Events\ApplicationEvent.h">
      <Filter>Events</Filter>
    </ClInclude>
    <ClInclude Include="src\Events\Event.h">
      <Filter>Events</Filter>
    </ClInclude>
    <ClInclude Include="src\Events\KeyEvent.h">
      <Filter>Events</Filter>
    </ClInclude>
    <ClInclude Include="src\Events\MouseEvent.h">
      <Filter>Events</Filter>
    </ClInclude>
    <ClInclude Include="src\Impact.h" />
    <ClInclude Include="src\Impact\Application.h">
      <Filter>Impact</Filter>
    </ClInclude>
    <ClInclude Include="src\Impact\Core.h">
      <Filter>Impact</Filter>
    </ClInclude>
    <ClInclude Include="src\Impact\EntryPoint.h">
      <Filter>Impact</Filter>
    </ClInclude>
    <ClInclude Include="src\Impact\ImGui\ImGuiLayer.h">
      <Filter>Impact\ImGui</Filter>
    </ClInclude>
    <ClInclude Include="src\Impact\Layer.h">
      <Filter>Impact</Filter>
    </ClInclude>
    <ClInclude Include="src\Impact\LayerStack.h">
      <Filter>Impact</Filter>
    </ClInclude>
    <ClInclude Include="src\Impact\Logger.h">
      <Filter>Impact</Filter>
    </ClInclude>
    <ClInclude Include="src\Impact\Window.h">
      <Filter>Impact</Filter>
    </ClInclude>
    <ClInclude Include="src\Platform\Windows\WindowsWindow.h">
      <Filter>Platform\Windows</Filter>
    </ClInclude>
    <ClInclude Include="src\imppch.h" />
  </ItemGroup>
  <ItemGroup>
    <ClCompile Include="src\Impact\Application.cpp">
      <Filter>Impact</Filter>
    </ClCompile>
    <ClCompile Include="src\Impact\ImGui\ImGuiLayer.cpp">
      <Filter>Impact\ImGui</Filter>
    </ClCompile>
    <ClCompile Include="src\Impact\Layer.cpp">
      <Filter>Impact</Filter>
    </ClCompile>
    <ClCompile Include="src\Impact\LayerStack.cpp">
      <Filter>Impact</Filter>
    </ClCompile>
    <ClCompile Include="src\Impact\Logger.cpp">
      <Filter>Impact</Filter>
    </ClCompile>
    <ClCompile Include="src\Platform\Windows\WindowsWindow.cpp">
      <Filter>Platform\Windows</Filter>
    </ClCompile>
    <ClCompile Include="src\imppch.cpp" />
  </ItemGroup>
</Project>