<?xml version="1.0" encoding="utf-8"?>
<Project ToolsVersion="4.0" xmlns="http://schemas.microsoft.com/developer/msbuild/2003">
  <ItemGroup>
    <Filter Include="Impact">
      <UniqueIdentifier>{E31D1BBA-CFBF-4590-B87A-59E4A4BBCCE0}</UniqueIdentifier>
    </Filter>
  </ItemGroup>
  <ItemGroup>
    <ClInclude Include="src\Impact.h" />
    <ClInclude Include="src\Impact\Application.h">
      <Filter>Impact</Filter>
    </ClInclude>
    <ClInclude Include="src\Impact\Core.h">
      <Filter>Impact</Filter>
    </ClInclude>
    <ClInclude Include="src\Impact\EntryPoint.h">
      <Filter>Impact</Filter>
    </ClInclude>
    <ClInclude Include="src\Impact\Logger.h">
      <Filter>Impact</Filter>
    </ClInclude>
  </ItemGroup>
  <ItemGroup>
    <ClCompile Include="src\Impact\Application.cpp">
      <Filter>Impact</Filter>
    </ClCompile>
    <ClCompile Include="src\Impact\Logger.cpp">
      <Filter>Impact</Filter>
    </ClCompile>
  </ItemGroup>
</Project>